
Microsoft Visual Studio Solution File, Format Version 12.00
# Visual Studio Version 17
VisualStudioVersion = 17.7.34009.444
MinimumVisualStudioVersion = 10.0.40219.1
Project("{FAE04EC0-301F-11D3-BF4B-00C04F79EFBC}") = "InRealTime", "InRealTime\InRealTime.csproj", "{89107B53-BACD-4BF8-BDE6-E2254EFD5434}"
EndProject
Global
	GlobalSection(SolutionConfigurationPlatforms) = preSolution
		Debug|Any CPU = Debug|Any CPU
		Release|Any CPU = Release|Any CPU
	EndGlobalSection
	GlobalSection(ProjectConfigurationPlatforms) = postSolution
		{89107B53-BACD-4BF8-BDE6-E2254EFD5434}.Debug|Any CPU.ActiveCfg = Debug|Any CPU
		{89107B53-BACD-4BF8-BDE6-E2254EFD5434}.Debug|Any CPU.Build.0 = Debug|Any CPU
		{89107B53-BACD-4BF8-BDE6-E2254EFD5434}.Release|Any CPU.ActiveCfg = Release|Any CPU
		{89107B53-BACD-4BF8-BDE6-E2254EFD5434}.Release|Any CPU.Build.0 = Release|Any CPU
	EndGlobalSection
	GlobalSection(SolutionProperties) = preSolution
		HideSolutionNode = FALSE
	EndGlobalSection
	GlobalSection(ExtensibilityGlobals) = postSolution
		SolutionGuid = {72D1C8C8-8E76-42B0-B180-83B08658D9BD}
	EndGlobalSection
EndGlobal
